
Microsoft Visual Studio Solution File, Format Version 12.00
# Visual Studio Version 17
VisualStudioVersion = 17.8.34525.116
MinimumVisualStudioVersion = 10.0.40219.1
Project("{FAE04EC0-301F-11D3-BF4B-00C04F79EFBC}") = "PredictionData", "PredictionData.csproj", "{170DAD38-CEB7-4131-93E6-EE516E7285BE}"
EndProject
Global
	GlobalSection(SolutionConfigurationPlatforms) = preSolution
		Debug|Any CPU = Debug|Any CPU
		Release|Any CPU = Release|Any CPU
	EndGlobalSection
	GlobalSection(ProjectConfigurationPlatforms) = postSolution
		{170DAD38-CEB7-4131-93E6-EE516E7285BE}.Debug|Any CPU.ActiveCfg = Debug|Any CPU
		{170DAD38-CEB7-4131-93E6-EE516E7285BE}.Debug|Any CPU.Build.0 = Debug|Any CPU
		{170DAD38-CEB7-4131-93E6-EE516E7285BE}.Release|Any CPU.ActiveCfg = Release|Any CPU
		{170DAD38-CEB7-4131-93E6-EE516E7285BE}.Release|Any CPU.Build.0 = Release|Any CPU
	EndGlobalSection
	GlobalSection(SolutionProperties) = preSolution
		HideSolutionNode = FALSE
	EndGlobalSection
	GlobalSection(ExtensibilityGlobals) = postSolution
		SolutionGuid = {670B389B-A059-45F3-AC8A-06A5A91AF052}
	EndGlobalSection
EndGlobal
